
Microsoft Visual Studio Solution File, Format Version 12.00
Project("{2150E333-8FDC-42A3-9474-1A3956D46DE8}") = "Source", "Source", "{64E913F3-EB52-4DAF-88F1-83B77C022D3E}"
EndProject
Project("{FAE04EC0-301F-11D3-BF4B-00C04F79EFBC}") = "IMDotNet.Server", "src\IMDotNet.Server\IMDotNet.Server.csproj", "{3A591077-0906-46E6-9987-437EFD2B2338}"
EndProject
Project("{2150E333-8FDC-42A3-9474-1A3956D46DE8}") = "Test", "Test", "{F8C10483-6819-4CDB-B828-D07844F2E3F5}"
EndProject
Project("{FAE04EC0-301F-11D3-BF4B-00C04F79EFBC}") = "IMDotNet.Shared", "src\IMDotNet.Shared\IMDotNet.Shared.csproj", "{CA1BC389-523C-47BC-8BF7-398AFEC55D2A}"
EndProject
Project("{FAE04EC0-301F-11D3-BF4B-00C04F79EFBC}") = "IMDotNet.Client", "src\IMDotNet.Client\IMDotNet.Client.csproj", "{E3F8B441-42DE-4D99-B08F-1BB807C11B0B}"
EndProject
Project("{FAE04EC0-301F-11D3-BF4B-00C04F79EFBC}") = "IMDotNet.ASPNETServer", "src\IMDotNet.ASPNETServer\IMDotNet.ASPNETServer.csproj", "{2C180DB5-A173-43EB-8E7F-F4920CAF910E}"
EndProject
Global
	GlobalSection(SolutionConfigurationPlatforms) = preSolution
		Debug|Any CPU = Debug|Any CPU
		Release|Any CPU = Release|Any CPU
	EndGlobalSection
	GlobalSection(NestedProjects) = preSolution
		{3A591077-0906-46E6-9987-437EFD2B2338} = {64E913F3-EB52-4DAF-88F1-83B77C022D3E}
		{CA1BC389-523C-47BC-8BF7-398AFEC55D2A} = {64E913F3-EB52-4DAF-88F1-83B77C022D3E}
		{E3F8B441-42DE-4D99-B08F-1BB807C11B0B} = {64E913F3-EB52-4DAF-88F1-83B77C022D3E}
		{2C180DB5-A173-43EB-8E7F-F4920CAF910E} = {64E913F3-EB52-4DAF-88F1-83B77C022D3E}
	EndGlobalSection
	GlobalSection(ProjectConfigurationPlatforms) = postSolution
		{3A591077-0906-46E6-9987-437EFD2B2338}.Debug|Any CPU.ActiveCfg = Debug|Any CPU
		{3A591077-0906-46E6-9987-437EFD2B2338}.Debug|Any CPU.Build.0 = Debug|Any CPU
		{3A591077-0906-46E6-9987-437EFD2B2338}.Release|Any CPU.ActiveCfg = Release|Any CPU
		{3A591077-0906-46E6-9987-437EFD2B2338}.Release|Any CPU.Build.0 = Release|Any CPU
		{CA1BC389-523C-47BC-8BF7-398AFEC55D2A}.Debug|Any CPU.ActiveCfg = Debug|Any CPU
		{CA1BC389-523C-47BC-8BF7-398AFEC55D2A}.Debug|Any CPU.Build.0 = Debug|Any CPU
		{CA1BC389-523C-47BC-8BF7-398AFEC55D2A}.Release|Any CPU.ActiveCfg = Release|Any CPU
		{CA1BC389-523C-47BC-8BF7-398AFEC55D2A}.Release|Any CPU.Build.0 = Release|Any CPU
		{E3F8B441-42DE-4D99-B08F-1BB807C11B0B}.Debug|Any CPU.ActiveCfg = Debug|Any CPU
		{E3F8B441-42DE-4D99-B08F-1BB807C11B0B}.Debug|Any CPU.Build.0 = Debug|Any CPU
		{E3F8B441-42DE-4D99-B08F-1BB807C11B0B}.Release|Any CPU.ActiveCfg = Release|Any CPU
		{E3F8B441-42DE-4D99-B08F-1BB807C11B0B}.Release|Any CPU.Build.0 = Release|Any CPU
		{2C180DB5-A173-43EB-8E7F-F4920CAF910E}.Debug|Any CPU.ActiveCfg = Debug|Any CPU
		{2C180DB5-A173-43EB-8E7F-F4920CAF910E}.Debug|Any CPU.Build.0 = Debug|Any CPU
		{2C180DB5-A173-43EB-8E7F-F4920CAF910E}.Release|Any CPU.ActiveCfg = Release|Any CPU
		{2C180DB5-A173-43EB-8E7F-F4920CAF910E}.Release|Any CPU.Build.0 = Release|Any CPU
	EndGlobalSection
EndGlobal
